
Microsoft Visual Studio Solution File, Format Version 12.00
# Visual Studio Version 17
VisualStudioVersion = 17.13.35919.96
MinimumVisualStudioVersion = 10.0.40219.1
Project("{FAE04EC0-301F-11D3-BF4B-00C04F79EFBC}") = "TestExec", "TestExec\TestExec.csproj", "{314614CB-6E17-4B74-A9F9-CE4699F78C9B}"
	ProjectSection(ProjectDependencies) = postProject
		{24D5E99E-185C-4507-81F0-132D8CB8164E} = {24D5E99E-185C-4507-81F0-132D8CB8164E}
		{6B87D429-1DE2-4B67-BF1E-BCF6855397BB} = {6B87D429-1DE2-4B67-BF1E-BCF6855397BB}
		{E1E886F9-03A3-44D1-8797-BC68D8E2AA23} = {E1E886F9-03A3-44D1-8797-BC68D8E2AA23}
	EndProjectSection
EndProject
Project("{FAE04EC0-301F-11D3-BF4B-00C04F79EFBC}") = "TestChooser", "TestChooser\TestChooser.csproj", "{6B87D429-1DE2-4B67-BF1E-BCF6855397BB}"
	ProjectSection(ProjectDependencies) = postProject
		{24D5E99E-185C-4507-81F0-132D8CB8164E} = {24D5E99E-185C-4507-81F0-132D8CB8164E}
	EndProjectSection
EndProject
Project("{FAE04EC0-301F-11D3-BF4B-00C04F79EFBC}") = "TestDev", "TestDev\TestDev.csproj", "{E1E886F9-03A3-44D1-8797-BC68D8E2AA23}"
	ProjectSection(ProjectDependencies) = postProject
		{24D5E99E-185C-4507-81F0-132D8CB8164E} = {24D5E99E-185C-4507-81F0-132D8CB8164E}
	EndProjectSection
EndProject
Project("{2150E333-8FDC-42A3-9474-1A3956D46DE8}") = "Solution Items", "Solution Items", "{8EC462FD-D22E-90A8-E5CE-7E832BA40C5D}"
	ProjectSection(SolutionItems) = preProject
		Shared\Amphenol.ico = Shared\Amphenol.ico
		Shared\App.config = Shared\App.config
		Shared\LICENSE.txt = Shared\LICENSE.txt
		Shared\Raytheon.ico = Shared\Raytheon.ico
		Shared\TestExecutive Dependencies.docx = Shared\TestExecutive Dependencies.docx
	EndProjectSection
EndProject
Project("{FAE04EC0-301F-11D3-BF4B-00C04F79EFBC}") = "TestLib", "TestLib\TestLib.csproj", "{24D5E99E-185C-4507-81F0-132D8CB8164E}"
EndProject
Project("{FAE04EC0-301F-11D3-BF4B-00C04F79EFBC}") = "TestExecInstaller", "TestExecInstaller\TestExecInstaller.csproj", "{144AB20E-D4E5-433A-B36B-79CAF2E29930}"
EndProject
Project("{54435603-DBB4-11D2-8724-00A0C9A8B90C}") = "TestExecutiveInstaller", "TestExecutiveInstaller\TestExecutiveInstaller.vdproj", "{35DDAEB3-6486-47D1-7BC1-5648C7111961}"
	ProjectSection(ProjectDependencies) = postProject
		{24D5E99E-185C-4507-81F0-132D8CB8164E} = {24D5E99E-185C-4507-81F0-132D8CB8164E}
		{314614CB-6E17-4B74-A9F9-CE4699F78C9B} = {314614CB-6E17-4B74-A9F9-CE4699F78C9B}
		{6B87D429-1DE2-4B67-BF1E-BCF6855397BB} = {6B87D429-1DE2-4B67-BF1E-BCF6855397BB}
		{E1E886F9-03A3-44D1-8797-BC68D8E2AA23} = {E1E886F9-03A3-44D1-8797-BC68D8E2AA23}
	EndProjectSection
EndProject
Global
	GlobalSection(SolutionConfigurationPlatforms) = preSolution
		Debug|x64 = Debug|x64
		Release|x64 = Release|x64
	EndGlobalSection
	GlobalSection(ProjectConfigurationPlatforms) = postSolution
		{314614CB-6E17-4B74-A9F9-CE4699F78C9B}.Debug|x64.ActiveCfg = Debug|x64
		{314614CB-6E17-4B74-A9F9-CE4699F78C9B}.Debug|x64.Build.0 = Debug|x64
		{314614CB-6E17-4B74-A9F9-CE4699F78C9B}.Release|x64.ActiveCfg = Release|x64
		{314614CB-6E17-4B74-A9F9-CE4699F78C9B}.Release|x64.Build.0 = Release|x64
		{6B87D429-1DE2-4B67-BF1E-BCF6855397BB}.Debug|x64.ActiveCfg = Debug|x64
		{6B87D429-1DE2-4B67-BF1E-BCF6855397BB}.Debug|x64.Build.0 = Debug|x64
		{6B87D429-1DE2-4B67-BF1E-BCF6855397BB}.Release|x64.ActiveCfg = Release|x64
		{6B87D429-1DE2-4B67-BF1E-BCF6855397BB}.Release|x64.Build.0 = Release|x64
		{E1E886F9-03A3-44D1-8797-BC68D8E2AA23}.Debug|x64.ActiveCfg = Debug|x64
		{E1E886F9-03A3-44D1-8797-BC68D8E2AA23}.Debug|x64.Build.0 = Debug|x64
		{E1E886F9-03A3-44D1-8797-BC68D8E2AA23}.Release|x64.ActiveCfg = Release|x64
		{E1E886F9-03A3-44D1-8797-BC68D8E2AA23}.Release|x64.Build.0 = Release|x64
		{24D5E99E-185C-4507-81F0-132D8CB8164E}.Debug|x64.ActiveCfg = Debug|x64
		{24D5E99E-185C-4507-81F0-132D8CB8164E}.Debug|x64.Build.0 = Debug|x64
		{24D5E99E-185C-4507-81F0-132D8CB8164E}.Release|x64.ActiveCfg = Release|x64
		{24D5E99E-185C-4507-81F0-132D8CB8164E}.Release|x64.Build.0 = Release|x64
		{144AB20E-D4E5-433A-B36B-79CAF2E29930}.Debug|x64.ActiveCfg = Debug|x86
		{144AB20E-D4E5-433A-B36B-79CAF2E29930}.Debug|x64.Build.0 = Debug|x86
		{144AB20E-D4E5-433A-B36B-79CAF2E29930}.Release|x64.ActiveCfg = Release|x86
		{144AB20E-D4E5-433A-B36B-79CAF2E29930}.Release|x64.Build.0 = Release|x86
		{35DDAEB3-6486-47D1-7BC1-5648C7111961}.Debug|x64.ActiveCfg = Debug
		{35DDAEB3-6486-47D1-7BC1-5648C7111961}.Debug|x64.Build.0 = Debug
		{35DDAEB3-6486-47D1-7BC1-5648C7111961}.Release|x64.ActiveCfg = Release
		{35DDAEB3-6486-47D1-7BC1-5648C7111961}.Release|x64.Build.0 = Release
	EndGlobalSection
	GlobalSection(SolutionProperties) = preSolution
		HideSolutionNode = FALSE
	EndGlobalSection
	GlobalSection(ExtensibilityGlobals) = postSolution
		SolutionGuid = {1578E478-2D67-4877-A47E-C55ADF3D8E7D}
	EndGlobalSection
EndGlobal
